
Microsoft Visual Studio Solution File, Format Version 12.00
# Visual Studio Version 17
VisualStudioVersion = 17.11.35327.3
MinimumVisualStudioVersion = 10.0.40219.1
Project("{FAE04EC0-301F-11D3-BF4B-00C04F79EFBC}") = "yazilim271043", "yazilim271043\yazilim271043.csproj", "{9567058D-15CE-4169-9932-B1AB9AD622A3}"
EndProject
Global
	GlobalSection(SolutionConfigurationPlatforms) = preSolution
		Debug|Any CPU = Debug|Any CPU
		Release|Any CPU = Release|Any CPU
	EndGlobalSection
	GlobalSection(ProjectConfigurationPlatforms) = postSolution
		{9567058D-15CE-4169-9932-B1AB9AD622A3}.Debug|Any CPU.ActiveCfg = Debug|Any CPU
		{9567058D-15CE-4169-9932-B1AB9AD622A3}.Debug|Any CPU.Build.0 = Debug|Any CPU
		{9567058D-15CE-4169-9932-B1AB9AD622A3}.Release|Any CPU.ActiveCfg = Release|Any CPU
		{9567058D-15CE-4169-9932-B1AB9AD622A3}.Release|Any CPU.Build.0 = Release|Any CPU
	EndGlobalSection
	GlobalSection(SolutionProperties) = preSolution
		HideSolutionNode = FALSE
	EndGlobalSection
	GlobalSection(ExtensibilityGlobals) = postSolution
		SolutionGuid = {527D3C83-859F-465E-8BA0-F994A5C20F74}
	EndGlobalSection
EndGlobal
